<?xml version="1.0" encoding="utf-8"?>
<Project ToolsVersion="4.0" xmlns="http://schemas.microsoft.com/developer/msbuild/2003">
  <ItemGroup>
    <Filter Include="Source Files">
      <UniqueIdentifier>{4FC737F1-C7A5-4376-A066-2A32D752A2FF}</UniqueIdentifier>
      <Extensions>cpp;c;cc;cxx;c++;def;odl;idl;hpj;bat;asm;asmx</Extensions>
    </Filter>
    <Filter Include="Header Files">
      <UniqueIdentifier>{93995380-89BD-4b04-88EB-625FBE52EBFB}</UniqueIdentifier>
      <Extensions>h;hh;hpp;hxx;h++;hm;inl;inc;ipp;xsd</Extensions>
    </Filter>
    <Filter Include="Resource Files">
      <UniqueIdentifier>{67DA6AB6-F800-4c08-8B7A-83BB121AAD01}</UniqueIdentifier>
      <Extensions>rc;ico;cur;bmp;dlg;rc2;rct;bin;rgs;gif;jpg;jpeg;jpe;resx;tiff;tif;png;wav;mfcribbon-ms</Extensions>
    </Filter>
    <Filter Include="Header Files\tests">
      <UniqueIdentifier>{98bdb456-d80b-454d-ace4-7e0941e0ca0d}</UniqueIdentifier>
    </Filter>
    <Filter Include="Source Files\tests">
      <UniqueIdentifier>{dc4850a1-9a5d-49ef-b1ca-99f0c6e704f6}</UniqueIdentifier>
    </Filter>
    <Filter Include="Header Files\sqlite">
      <UniqueIdentifier>{7052111d-8a9e-40c5-8c1f-8f90476ba403}</UniqueIdentifier>
    </Filter>
    <Filter Include="Source Files\sqlite">
      <UniqueIdentifier>{57feb4fa-9f11-4cf8-8695-da8be5609305}</UniqueIdentifier>
    </Filter>
  </ItemGroup>
  <ItemGroup>
    <ClCompile Include="storage.cpp">
      <Filter>Source Files</Filter>
    </ClCompile>
    <ClCompile Include="database.cpp">
      <Filter>Source Files</Filter>
    </ClCompile>
    <ClCompile Include="item_manager.cpp">
      <Filter>Source Files</Filter>
    </ClCompile>
    <ClCompile Include="sqlite3.c">
      <Filter>Source Files\sqlite</Filter>
    </ClCompile>
    <ClCompile Include="order_manager.cpp">
      <Filter>Source Files</Filter>
    </ClCompile>
    <ClCompile Include="main.cpp">
      <Filter>Source Files</Filter>
    </ClCompile>
    <ClCompile Include="warehouse_exception.cpp">
      <Filter>Source Files</Filter>
    </ClCompile>
  </ItemGroup>
  <ItemGroup>
    <ClInclude Include="item.hpp">
      <Filter>Header Files</Filter>
    </ClInclude>
    <ClInclude Include="storage.hpp">
      <Filter>Header Files</Filter>
    </ClInclude>
    <ClInclude Include="database.hpp">
      <Filter>Header Files</Filter>
    </ClInclude>
    <ClInclude Include="item_manager.hpp">
      <Filter>Header Files</Filter>
    </ClInclude>
    <ClInclude Include="order_manager.hpp">
      <Filter>Header Files</Filter>
    </ClInclude>
    <ClInclude Include="sqlite3.h">
      <Filter>Header Files\sqlite</Filter>
    </ClInclude>
    <ClInclude Include="order.hpp">
      <Filter>Header Files</Filter>
    </ClInclude>
    <ClInclude Include="manager.hpp">
      <Filter>Header Files</Filter>
    </ClInclude>
    <ClInclude Include="warehouse_exception.hpp">
      <Filter>Header Files</Filter>
    </ClInclude>
  </ItemGroup>
</Project>